
Microsoft Visual Studio Solution File, Format Version 12.00
# Visual Studio 15
VisualStudioVersion = 15.0.27130.2027
MinimumVisualStudioVersion = 10.0.40219.1
Project("{FAE04EC0-301F-11D3-BF4B-00C04F79EFBC}") = "API", "API\API.csproj", "{7D8A0BB7-08DD-45B1-9772-AB0EF6C02DD8}"
EndProject
Project("{FAE04EC0-301F-11D3-BF4B-00C04F79EFBC}") = "UI.AngularJS", "UI.AngularJS\UI.AngularJS.csproj", "{99291E3E-749F-4BEC-B636-595F42DEA09F}"
EndProject
Project("{2150E333-8FDC-42A3-9474-1A3956D46DE8}") = "DB", "DB", "{6137F603-93A4-47DB-9546-EA5EBA57B675}"
EndProject
Project("{2150E333-8FDC-42A3-9474-1A3956D46DE8}") = "DB_Backup", "DB_Backup", "{31BACAC0-876C-410F-B413-DE1C5634699C}"
	ProjectSection(SolutionItems) = preProject
		DB\DB_Backup\WebApp.bak = DB\DB_Backup\WebApp.bak
	EndProjectSection
EndProject
Project("{2150E333-8FDC-42A3-9474-1A3956D46DE8}") = "DB_CustomScripts", "DB_CustomScripts", "{6A04B37A-C0AA-4682-A70E-165F610DD044}"
	ProjectSection(SolutionItems) = preProject
		DB\DB_CustomScripts\SQLQuery_CountItems.sql = DB\DB_CustomScripts\SQLQuery_CountItems.sql
		DB\DB_CustomScripts\SQLQuery_Delete.sql = DB\DB_CustomScripts\SQLQuery_Delete.sql
		DB\DB_CustomScripts\SQLQuery_DropCreate.sql = DB\DB_CustomScripts\SQLQuery_DropCreate.sql
		DB\DB_CustomScripts\SQLQuery_InsertValues.sql = DB\DB_CustomScripts\SQLQuery_InsertValues.sql
	EndProjectSection
EndProject
Project("{2150E333-8FDC-42A3-9474-1A3956D46DE8}") = "Documents", "Documents", "{B76EF89D-B932-4A11-902F-8844D4AFED2B}"
	ProjectSection(SolutionItems) = preProject
		README.md = README.md
	EndProjectSection
EndProject
Project("{FAE04EC0-301F-11D3-BF4B-00C04F79EFBC}") = "UI.Angular", "UI.Angular\UI.Angular.csproj", "{E5B6E110-1389-481F-A546-D222ED985B73}"
EndProject
Project("{FAE04EC0-301F-11D3-BF4B-00C04F79EFBC}") = "UI.React", "UI.React\UI.React.csproj", "{37E88611-FA2A-443D-A0AA-0EA2C554D967}"
EndProject
Global
	GlobalSection(SolutionConfigurationPlatforms) = preSolution
		Debug|Any CPU = Debug|Any CPU
		Release|Any CPU = Release|Any CPU
	EndGlobalSection
	GlobalSection(ProjectConfigurationPlatforms) = postSolution
		{7D8A0BB7-08DD-45B1-9772-AB0EF6C02DD8}.Debug|Any CPU.ActiveCfg = Debug|Any CPU
		{7D8A0BB7-08DD-45B1-9772-AB0EF6C02DD8}.Debug|Any CPU.Build.0 = Debug|Any CPU
		{7D8A0BB7-08DD-45B1-9772-AB0EF6C02DD8}.Release|Any CPU.ActiveCfg = Release|Any CPU
		{7D8A0BB7-08DD-45B1-9772-AB0EF6C02DD8}.Release|Any CPU.Build.0 = Release|Any CPU
		{99291E3E-749F-4BEC-B636-595F42DEA09F}.Debug|Any CPU.ActiveCfg = Debug|Any CPU
		{99291E3E-749F-4BEC-B636-595F42DEA09F}.Debug|Any CPU.Build.0 = Debug|Any CPU
		{99291E3E-749F-4BEC-B636-595F42DEA09F}.Release|Any CPU.ActiveCfg = Release|Any CPU
		{99291E3E-749F-4BEC-B636-595F42DEA09F}.Release|Any CPU.Build.0 = Release|Any CPU
		{E5B6E110-1389-481F-A546-D222ED985B73}.Debug|Any CPU.ActiveCfg = Debug|Any CPU
		{E5B6E110-1389-481F-A546-D222ED985B73}.Debug|Any CPU.Build.0 = Debug|Any CPU
		{E5B6E110-1389-481F-A546-D222ED985B73}.Release|Any CPU.ActiveCfg = Release|Any CPU
		{E5B6E110-1389-481F-A546-D222ED985B73}.Release|Any CPU.Build.0 = Release|Any CPU
		{37E88611-FA2A-443D-A0AA-0EA2C554D967}.Debug|Any CPU.ActiveCfg = Debug|Any CPU
		{37E88611-FA2A-443D-A0AA-0EA2C554D967}.Debug|Any CPU.Build.0 = Debug|Any CPU
		{37E88611-FA2A-443D-A0AA-0EA2C554D967}.Release|Any CPU.ActiveCfg = Release|Any CPU
		{37E88611-FA2A-443D-A0AA-0EA2C554D967}.Release|Any CPU.Build.0 = Release|Any CPU
	EndGlobalSection
	GlobalSection(SolutionProperties) = preSolution
		HideSolutionNode = FALSE
	EndGlobalSection
	GlobalSection(NestedProjects) = preSolution
		{31BACAC0-876C-410F-B413-DE1C5634699C} = {6137F603-93A4-47DB-9546-EA5EBA57B675}
		{6A04B37A-C0AA-4682-A70E-165F610DD044} = {6137F603-93A4-47DB-9546-EA5EBA57B675}
	EndGlobalSection
	GlobalSection(ExtensibilityGlobals) = postSolution
		SolutionGuid = {BF8D3242-7ABE-4BFE-9334-4C01AD9991C1}
	EndGlobalSection
EndGlobal
